
Microsoft Visual Studio Solution File, Format Version 12.00
# Visual Studio 2012
Project("{FAE04EC0-301F-11D3-BF4B-00C04F79EFBC}") = "ChARTServices", "ChARTServices\ChARTServices.csproj", "{93853494-DF9A-41A5-BA94-90510F656FA5}"
EndProject
Project("{FAE04EC0-301F-11D3-BF4B-00C04F79EFBC}") = "ChART.DataAccess", "ChART.DataAccess\ChART.DataAccess.csproj", "{C6E46878-4B4B-45DD-ADF3-6F53FF1CB72C}"
EndProject
Project("{FAE04EC0-301F-11D3-BF4B-00C04F79EFBC}") = "ChART.Domain", "ChART.Domain\ChART.Domain.csproj", "{7F7EF4EA-1BFE-4AA2-B454-F274F1067A15}"
EndProject
Project("{FAE04EC0-301F-11D3-BF4B-00C04F79EFBC}") = "ChART.Domain.iOS", "ChART.Domain\ChART.Domain.iOS.csproj", "{2A936BBB-E0F7-41D2-8DDF-C8C8357F1FA2}"
EndProject
Project("{FAE04EC0-301F-11D3-BF4B-00C04F79EFBC}") = "ChART.iOS", "ChART.iOS\ChART.iOS.csproj", "{0A72ADD8-11F8-4FA2-9D9B-AB255015B5D4}"
EndProject
Project("{FAE04EC0-301F-11D3-BF4B-00C04F79EFBC}") = "ChART.Domain.Android", "ChART.Domain\ChART.Domain.Android.csproj", "{C74E26FF-42D2-4803-90C6-CC2975543922}"
EndProject
Project("{FAE04EC0-301F-11D3-BF4B-00C04F79EFBC}") = "ChART.Android", "ChART.Android\ChART.Android.csproj", "{EAAE6221-09F4-4DC0-99DA-3D2DBA1A9129}"
EndProject
Global
	GlobalSection(SolutionConfigurationPlatforms) = preSolution
		Ad-Hoc|Any CPU = Ad-Hoc|Any CPU
		Ad-Hoc|iPhone = Ad-Hoc|iPhone
		Ad-Hoc|iPhoneSimulator = Ad-Hoc|iPhoneSimulator
		Ad-Hoc|Mixed Platforms = Ad-Hoc|Mixed Platforms
		AppStore|Any CPU = AppStore|Any CPU
		AppStore|iPhone = AppStore|iPhone
		AppStore|iPhoneSimulator = AppStore|iPhoneSimulator
		AppStore|Mixed Platforms = AppStore|Mixed Platforms
		Debug|Any CPU = Debug|Any CPU
		Debug|iPhone = Debug|iPhone
		Debug|iPhoneSimulator = Debug|iPhoneSimulator
		Debug|Mixed Platforms = Debug|Mixed Platforms
		Release|Any CPU = Release|Any CPU
		Release|iPhone = Release|iPhone
		Release|iPhoneSimulator = Release|iPhoneSimulator
		Release|Mixed Platforms = Release|Mixed Platforms
	EndGlobalSection
	GlobalSection(ProjectConfigurationPlatforms) = postSolution
		{0A72ADD8-11F8-4FA2-9D9B-AB255015B5D4}.Ad-Hoc|Any CPU.ActiveCfg = Ad-Hoc|iPhone
		{0A72ADD8-11F8-4FA2-9D9B-AB255015B5D4}.Ad-Hoc|Any CPU.Build.0 = Ad-Hoc|iPhone
		{0A72ADD8-11F8-4FA2-9D9B-AB255015B5D4}.Ad-Hoc|iPhone.ActiveCfg = Ad-Hoc|iPhone
		{0A72ADD8-11F8-4FA2-9D9B-AB255015B5D4}.Ad-Hoc|iPhone.Build.0 = Ad-Hoc|iPhone
		{0A72ADD8-11F8-4FA2-9D9B-AB255015B5D4}.Ad-Hoc|iPhoneSimulator.ActiveCfg = Debug|iPhoneSimulator
		{0A72ADD8-11F8-4FA2-9D9B-AB255015B5D4}.Ad-Hoc|iPhoneSimulator.Build.0 = Debug|iPhoneSimulator
		{0A72ADD8-11F8-4FA2-9D9B-AB255015B5D4}.Ad-Hoc|Mixed Platforms.ActiveCfg = Ad-Hoc|iPhone
		{0A72ADD8-11F8-4FA2-9D9B-AB255015B5D4}.Ad-Hoc|Mixed Platforms.Build.0 = Ad-Hoc|iPhone
		{0A72ADD8-11F8-4FA2-9D9B-AB255015B5D4}.AppStore|Any CPU.ActiveCfg = AppStore|iPhone
		{0A72ADD8-11F8-4FA2-9D9B-AB255015B5D4}.AppStore|Any CPU.Build.0 = AppStore|iPhone
		{0A72ADD8-11F8-4FA2-9D9B-AB255015B5D4}.AppStore|iPhone.ActiveCfg = AppStore|iPhone
		{0A72ADD8-11F8-4FA2-9D9B-AB255015B5D4}.AppStore|iPhone.Build.0 = AppStore|iPhone
		{0A72ADD8-11F8-4FA2-9D9B-AB255015B5D4}.AppStore|iPhoneSimulator.ActiveCfg = Debug|iPhoneSimulator
		{0A72ADD8-11F8-4FA2-9D9B-AB255015B5D4}.AppStore|iPhoneSimulator.Build.0 = Debug|iPhoneSimulator
		{0A72ADD8-11F8-4FA2-9D9B-AB255015B5D4}.AppStore|Mixed Platforms.ActiveCfg = AppStore|iPhone
		{0A72ADD8-11F8-4FA2-9D9B-AB255015B5D4}.AppStore|Mixed Platforms.Build.0 = AppStore|iPhone
		{0A72ADD8-11F8-4FA2-9D9B-AB255015B5D4}.Debug|Any CPU.ActiveCfg = Debug|iPhoneSimulator
		{0A72ADD8-11F8-4FA2-9D9B-AB255015B5D4}.Debug|Any CPU.Build.0 = Debug|iPhoneSimulator
		{0A72ADD8-11F8-4FA2-9D9B-AB255015B5D4}.Debug|iPhone.ActiveCfg = Debug|iPhone
		{0A72ADD8-11F8-4FA2-9D9B-AB255015B5D4}.Debug|iPhone.Build.0 = Debug|iPhone
		{0A72ADD8-11F8-4FA2-9D9B-AB255015B5D4}.Debug|iPhoneSimulator.ActiveCfg = Debug|iPhoneSimulator
		{0A72ADD8-11F8-4FA2-9D9B-AB255015B5D4}.Debug|iPhoneSimulator.Build.0 = Debug|iPhoneSimulator
		{0A72ADD8-11F8-4FA2-9D9B-AB255015B5D4}.Debug|Mixed Platforms.ActiveCfg = Debug|iPhoneSimulator
		{0A72ADD8-11F8-4FA2-9D9B-AB255015B5D4}.Debug|Mixed Platforms.Build.0 = Debug|iPhoneSimulator
		{0A72ADD8-11F8-4FA2-9D9B-AB255015B5D4}.Release|Any CPU.ActiveCfg = Release|iPhoneSimulator
		{0A72ADD8-11F8-4FA2-9D9B-AB255015B5D4}.Release|Any CPU.Build.0 = Release|iPhoneSimulator
		{0A72ADD8-11F8-4FA2-9D9B-AB255015B5D4}.Release|iPhone.ActiveCfg = Release|iPhone
		{0A72ADD8-11F8-4FA2-9D9B-AB255015B5D4}.Release|iPhone.Build.0 = Release|iPhone
		{0A72ADD8-11F8-4FA2-9D9B-AB255015B5D4}.Release|iPhoneSimulator.ActiveCfg = Release|iPhoneSimulator
		{0A72ADD8-11F8-4FA2-9D9B-AB255015B5D4}.Release|iPhoneSimulator.Build.0 = Release|iPhoneSimulator
		{0A72ADD8-11F8-4FA2-9D9B-AB255015B5D4}.Release|Mixed Platforms.ActiveCfg = Release|iPhoneSimulator
		{0A72ADD8-11F8-4FA2-9D9B-AB255015B5D4}.Release|Mixed Platforms.Build.0 = Release|iPhoneSimulator
		{2A936BBB-E0F7-41D2-8DDF-C8C8357F1FA2}.Ad-Hoc|Any CPU.ActiveCfg = Debug|Any CPU
		{2A936BBB-E0F7-41D2-8DDF-C8C8357F1FA2}.Ad-Hoc|Any CPU.Build.0 = Debug|Any CPU
		{2A936BBB-E0F7-41D2-8DDF-C8C8357F1FA2}.Ad-Hoc|iPhone.ActiveCfg = Debug|Any CPU
		{2A936BBB-E0F7-41D2-8DDF-C8C8357F1FA2}.Ad-Hoc|iPhone.Build.0 = Debug|Any CPU
		{2A936BBB-E0F7-41D2-8DDF-C8C8357F1FA2}.Ad-Hoc|iPhoneSimulator.ActiveCfg = Debug|Any CPU
		{2A936BBB-E0F7-41D2-8DDF-C8C8357F1FA2}.Ad-Hoc|iPhoneSimulator.Build.0 = Debug|Any CPU
		{2A936BBB-E0F7-41D2-8DDF-C8C8357F1FA2}.Ad-Hoc|Mixed Platforms.ActiveCfg = Debug|Any CPU
		{2A936BBB-E0F7-41D2-8DDF-C8C8357F1FA2}.Ad-Hoc|Mixed Platforms.Build.0 = Debug|Any CPU
		{2A936BBB-E0F7-41D2-8DDF-C8C8357F1FA2}.AppStore|Any CPU.ActiveCfg = Debug|Any CPU
		{2A936BBB-E0F7-41D2-8DDF-C8C8357F1FA2}.AppStore|Any CPU.Build.0 = Debug|Any CPU
		{2A936BBB-E0F7-41D2-8DDF-C8C8357F1FA2}.AppStore|iPhone.ActiveCfg = Debug|Any CPU
		{2A936BBB-E0F7-41D2-8DDF-C8C8357F1FA2}.AppStore|iPhone.Build.0 = Debug|Any CPU
		{2A936BBB-E0F7-41D2-8DDF-C8C8357F1FA2}.AppStore|iPhoneSimulator.ActiveCfg = Debug|Any CPU
		{2A936BBB-E0F7-41D2-8DDF-C8C8357F1FA2}.AppStore|iPhoneSimulator.Build.0 = Debug|Any CPU
		{2A936BBB-E0F7-41D2-8DDF-C8C8357F1FA2}.AppStore|Mixed Platforms.ActiveCfg = Debug|Any CPU
		{2A936BBB-E0F7-41D2-8DDF-C8C8357F1FA2}.AppStore|Mixed Platforms.Build.0 = Debug|Any CPU
		{2A936BBB-E0F7-41D2-8DDF-C8C8357F1FA2}.Debug|Any CPU.ActiveCfg = Debug|Any CPU
		{2A936BBB-E0F7-41D2-8DDF-C8C8357F1FA2}.Debug|Any CPU.Build.0 = Debug|Any CPU
		{2A936BBB-E0F7-41D2-8DDF-C8C8357F1FA2}.Debug|iPhone.ActiveCfg = Debug|Any CPU
		{2A936BBB-E0F7-41D2-8DDF-C8C8357F1FA2}.Debug|iPhone.Build.0 = Debug|Any CPU
		{2A936BBB-E0F7-41D2-8DDF-C8C8357F1FA2}.Debug|iPhoneSimulator.ActiveCfg = Debug|Any CPU
		{2A936BBB-E0F7-41D2-8DDF-C8C8357F1FA2}.Debug|iPhoneSimulator.Build.0 = Debug|Any CPU
		{2A936BBB-E0F7-41D2-8DDF-C8C8357F1FA2}.Debug|Mixed Platforms.ActiveCfg = Debug|Any CPU
		{2A936BBB-E0F7-41D2-8DDF-C8C8357F1FA2}.Debug|Mixed Platforms.Build.0 = Debug|Any CPU
		{2A936BBB-E0F7-41D2-8DDF-C8C8357F1FA2}.Release|Any CPU.ActiveCfg = Release|Any CPU
		{2A936BBB-E0F7-41D2-8DDF-C8C8357F1FA2}.Release|Any CPU.Build.0 = Release|Any CPU
		{2A936BBB-E0F7-41D2-8DDF-C8C8357F1FA2}.Release|iPhone.ActiveCfg = Release|Any CPU
		{2A936BBB-E0F7-41D2-8DDF-C8C8357F1FA2}.Release|iPhone.Build.0 = Release|Any CPU
		{2A936BBB-E0F7-41D2-8DDF-C8C8357F1FA2}.Release|iPhoneSimulator.ActiveCfg = Release|Any CPU
		{2A936BBB-E0F7-41D2-8DDF-C8C8357F1FA2}.Release|iPhoneSimulator.Build.0 = Release|Any CPU
		{2A936BBB-E0F7-41D2-8DDF-C8C8357F1FA2}.Release|Mixed Platforms.ActiveCfg = Release|Any CPU
		{2A936BBB-E0F7-41D2-8DDF-C8C8357F1FA2}.Release|Mixed Platforms.Build.0 = Release|Any CPU
		{7F7EF4EA-1BFE-4AA2-B454-F274F1067A15}.Ad-Hoc|Any CPU.ActiveCfg = Release|Any CPU
		{7F7EF4EA-1BFE-4AA2-B454-F274F1067A15}.Ad-Hoc|Any CPU.Build.0 = Release|Any CPU
		{7F7EF4EA-1BFE-4AA2-B454-F274F1067A15}.Ad-Hoc|iPhone.ActiveCfg = Release|Any CPU
		{7F7EF4EA-1BFE-4AA2-B454-F274F1067A15}.Ad-Hoc|iPhoneSimulator.ActiveCfg = Release|Any CPU
		{7F7EF4EA-1BFE-4AA2-B454-F274F1067A15}.Ad-Hoc|Mixed Platforms.ActiveCfg = Release|Any CPU
		{7F7EF4EA-1BFE-4AA2-B454-F274F1067A15}.Ad-Hoc|Mixed Platforms.Build.0 = Release|Any CPU
		{7F7EF4EA-1BFE-4AA2-B454-F274F1067A15}.AppStore|Any CPU.ActiveCfg = Release|Any CPU
		{7F7EF4EA-1BFE-4AA2-B454-F274F1067A15}.AppStore|Any CPU.Build.0 = Release|Any CPU
		{7F7EF4EA-1BFE-4AA2-B454-F274F1067A15}.AppStore|iPhone.ActiveCfg = Release|Any CPU
		{7F7EF4EA-1BFE-4AA2-B454-F274F1067A15}.AppStore|iPhoneSimulator.ActiveCfg = Release|Any CPU
		{7F7EF4EA-1BFE-4AA2-B454-F274F1067A15}.AppStore|Mixed Platforms.ActiveCfg = Release|Any CPU
		{7F7EF4EA-1BFE-4AA2-B454-F274F1067A15}.AppStore|Mixed Platforms.Build.0 = Release|Any CPU
		{7F7EF4EA-1BFE-4AA2-B454-F274F1067A15}.Debug|Any CPU.ActiveCfg = Debug|Any CPU
		{7F7EF4EA-1BFE-4AA2-B454-F274F1067A15}.Debug|Any CPU.Build.0 = Debug|Any CPU
		{7F7EF4EA-1BFE-4AA2-B454-F274F1067A15}.Debug|iPhone.ActiveCfg = Debug|Any CPU
		{7F7EF4EA-1BFE-4AA2-B454-F274F1067A15}.Debug|iPhoneSimulator.ActiveCfg = Debug|Any CPU
		{7F7EF4EA-1BFE-4AA2-B454-F274F1067A15}.Debug|Mixed Platforms.ActiveCfg = Debug|Any CPU
		{7F7EF4EA-1BFE-4AA2-B454-F274F1067A15}.Debug|Mixed Platforms.Build.0 = Debug|Any CPU
		{7F7EF4EA-1BFE-4AA2-B454-F274F1067A15}.Release|Any CPU.ActiveCfg = Release|Any CPU
		{7F7EF4EA-1BFE-4AA2-B454-F274F1067A15}.Release|Any CPU.Build.0 = Release|Any CPU
		{7F7EF4EA-1BFE-4AA2-B454-F274F1067A15}.Release|iPhone.ActiveCfg = Release|Any CPU
		{7F7EF4EA-1BFE-4AA2-B454-F274F1067A15}.Release|iPhoneSimulator.ActiveCfg = Release|Any CPU
		{7F7EF4EA-1BFE-4AA2-B454-F274F1067A15}.Release|Mixed Platforms.ActiveCfg = Release|Any CPU
		{7F7EF4EA-1BFE-4AA2-B454-F274F1067A15}.Release|Mixed Platforms.Build.0 = Release|Any CPU
		{93853494-DF9A-41A5-BA94-90510F656FA5}.Ad-Hoc|Any CPU.ActiveCfg = Debug|Any CPU
		{93853494-DF9A-41A5-BA94-90510F656FA5}.Ad-Hoc|Any CPU.Build.0 = Debug|Any CPU
		{93853494-DF9A-41A5-BA94-90510F656FA5}.Ad-Hoc|iPhone.ActiveCfg = Debug|Any CPU
		{93853494-DF9A-41A5-BA94-90510F656FA5}.Ad-Hoc|iPhone.Build.0 = Debug|Any CPU
		{93853494-DF9A-41A5-BA94-90510F656FA5}.Ad-Hoc|iPhoneSimulator.ActiveCfg = Debug|Any CPU
		{93853494-DF9A-41A5-BA94-90510F656FA5}.Ad-Hoc|iPhoneSimulator.Build.0 = Debug|Any CPU
		{93853494-DF9A-41A5-BA94-90510F656FA5}.Ad-Hoc|Mixed Platforms.ActiveCfg = Debug|Any CPU
		{93853494-DF9A-41A5-BA94-90510F656FA5}.Ad-Hoc|Mixed Platforms.Build.0 = Debug|Any CPU
		{93853494-DF9A-41A5-BA94-90510F656FA5}.AppStore|Any CPU.ActiveCfg = Debug|Any CPU
		{93853494-DF9A-41A5-BA94-90510F656FA5}.AppStore|Any CPU.Build.0 = Debug|Any CPU
		{93853494-DF9A-41A5-BA94-90510F656FA5}.AppStore|iPhone.ActiveCfg = Debug|Any CPU
		{93853494-DF9A-41A5-BA94-90510F656FA5}.AppStore|iPhone.Build.0 = Debug|Any CPU
		{93853494-DF9A-41A5-BA94-90510F656FA5}.AppStore|iPhoneSimulator.ActiveCfg = Debug|Any CPU
		{93853494-DF9A-41A5-BA94-90510F656FA5}.AppStore|iPhoneSimulator.Build.0 = Debug|Any CPU
		{93853494-DF9A-41A5-BA94-90510F656FA5}.AppStore|Mixed Platforms.ActiveCfg = Debug|Any CPU
		{93853494-DF9A-41A5-BA94-90510F656FA5}.AppStore|Mixed Platforms.Build.0 = Debug|Any CPU
		{93853494-DF9A-41A5-BA94-90510F656FA5}.Debug|Any CPU.ActiveCfg = Debug|Any CPU
		{93853494-DF9A-41A5-BA94-90510F656FA5}.Debug|Any CPU.Build.0 = Debug|Any CPU
		{93853494-DF9A-41A5-BA94-90510F656FA5}.Debug|iPhone.ActiveCfg = Debug|Any CPU
		{93853494-DF9A-41A5-BA94-90510F656FA5}.Debug|iPhone.Build.0 = Debug|Any CPU
		{93853494-DF9A-41A5-BA94-90510F656FA5}.Debug|iPhoneSimulator.ActiveCfg = Debug|Any CPU
		{93853494-DF9A-41A5-BA94-90510F656FA5}.Debug|iPhoneSimulator.Build.0 = Debug|Any CPU
		{93853494-DF9A-41A5-BA94-90510F656FA5}.Debug|Mixed Platforms.ActiveCfg = Debug|Any CPU
		{93853494-DF9A-41A5-BA94-90510F656FA5}.Debug|Mixed Platforms.Build.0 = Debug|Any CPU
		{93853494-DF9A-41A5-BA94-90510F656FA5}.Release|Any CPU.ActiveCfg = Release|Any CPU
		{93853494-DF9A-41A5-BA94-90510F656FA5}.Release|Any CPU.Build.0 = Release|Any CPU
		{93853494-DF9A-41A5-BA94-90510F656FA5}.Release|iPhone.ActiveCfg = Release|Any CPU
		{93853494-DF9A-41A5-BA94-90510F656FA5}.Release|iPhone.Build.0 = Release|Any CPU
		{93853494-DF9A-41A5-BA94-90510F656FA5}.Release|iPhoneSimulator.ActiveCfg = Release|Any CPU
		{93853494-DF9A-41A5-BA94-90510F656FA5}.Release|iPhoneSimulator.Build.0 = Release|Any CPU
		{93853494-DF9A-41A5-BA94-90510F656FA5}.Release|Mixed Platforms.ActiveCfg = Release|Any CPU
		{93853494-DF9A-41A5-BA94-90510F656FA5}.Release|Mixed Platforms.Build.0 = Release|Any CPU
		{C6E46878-4B4B-45DD-ADF3-6F53FF1CB72C}.Ad-Hoc|Any CPU.ActiveCfg = Release|Any CPU
		{C6E46878-4B4B-45DD-ADF3-6F53FF1CB72C}.Ad-Hoc|Any CPU.Build.0 = Release|Any CPU
		{C6E46878-4B4B-45DD-ADF3-6F53FF1CB72C}.Ad-Hoc|iPhone.ActiveCfg = Release|Any CPU
		{C6E46878-4B4B-45DD-ADF3-6F53FF1CB72C}.Ad-Hoc|iPhoneSimulator.ActiveCfg = Release|Any CPU
		{C6E46878-4B4B-45DD-ADF3-6F53FF1CB72C}.Ad-Hoc|Mixed Platforms.ActiveCfg = Release|Any CPU
		{C6E46878-4B4B-45DD-ADF3-6F53FF1CB72C}.Ad-Hoc|Mixed Platforms.Build.0 = Release|Any CPU
		{C6E46878-4B4B-45DD-ADF3-6F53FF1CB72C}.AppStore|Any CPU.ActiveCfg = Release|Any CPU
		{C6E46878-4B4B-45DD-ADF3-6F53FF1CB72C}.AppStore|Any CPU.Build.0 = Release|Any CPU
		{C6E46878-4B4B-45DD-ADF3-6F53FF1CB72C}.AppStore|iPhone.ActiveCfg = Release|Any CPU
		{C6E46878-4B4B-45DD-ADF3-6F53FF1CB72C}.AppStore|iPhoneSimulator.ActiveCfg = Release|Any CPU
		{C6E46878-4B4B-45DD-ADF3-6F53FF1CB72C}.AppStore|Mixed Platforms.ActiveCfg = Release|Any CPU
		{C6E46878-4B4B-45DD-ADF3-6F53FF1CB72C}.AppStore|Mixed Platforms.Build.0 = Release|Any CPU
		{C6E46878-4B4B-45DD-ADF3-6F53FF1CB72C}.Debug|Any CPU.ActiveCfg = Debug|Any CPU
		{C6E46878-4B4B-45DD-ADF3-6F53FF1CB72C}.Debug|Any CPU.Build.0 = Debug|Any CPU
		{C6E46878-4B4B-45DD-ADF3-6F53FF1CB72C}.Debug|iPhone.ActiveCfg = Debug|Any CPU
		{C6E46878-4B4B-45DD-ADF3-6F53FF1CB72C}.Debug|iPhoneSimulator.ActiveCfg = Debug|Any CPU
		{C6E46878-4B4B-45DD-ADF3-6F53FF1CB72C}.Debug|Mixed Platforms.ActiveCfg = Debug|Any CPU
		{C6E46878-4B4B-45DD-ADF3-6F53FF1CB72C}.Debug|Mixed Platforms.Build.0 = Debug|Any CPU
		{C6E46878-4B4B-45DD-ADF3-6F53FF1CB72C}.Release|Any CPU.ActiveCfg = Release|Any CPU
		{C6E46878-4B4B-45DD-ADF3-6F53FF1CB72C}.Release|Any CPU.Build.0 = Release|Any CPU
		{C6E46878-4B4B-45DD-ADF3-6F53FF1CB72C}.Release|iPhone.ActiveCfg = Release|Any CPU
		{C6E46878-4B4B-45DD-ADF3-6F53FF1CB72C}.Release|iPhoneSimulator.ActiveCfg = Release|Any CPU
		{C6E46878-4B4B-45DD-ADF3-6F53FF1CB72C}.Release|Mixed Platforms.ActiveCfg = Release|Any CPU
		{C6E46878-4B4B-45DD-ADF3-6F53FF1CB72C}.Release|Mixed Platforms.Build.0 = Release|Any CPU
		{C74E26FF-42D2-4803-90C6-CC2975543922}.Ad-Hoc|Any CPU.ActiveCfg = Debug|Any CPU
		{C74E26FF-42D2-4803-90C6-CC2975543922}.Ad-Hoc|Any CPU.Build.0 = Debug|Any CPU
		{C74E26FF-42D2-4803-90C6-CC2975543922}.Ad-Hoc|iPhone.ActiveCfg = Debug|Any CPU
		{C74E26FF-42D2-4803-90C6-CC2975543922}.Ad-Hoc|iPhone.Build.0 = Debug|Any CPU
		{C74E26FF-42D2-4803-90C6-CC2975543922}.Ad-Hoc|iPhoneSimulator.ActiveCfg = Debug|Any CPU
		{C74E26FF-42D2-4803-90C6-CC2975543922}.Ad-Hoc|iPhoneSimulator.Build.0 = Debug|Any CPU
		{C74E26FF-42D2-4803-90C6-CC2975543922}.Ad-Hoc|Mixed Platforms.ActiveCfg = Debug|Any CPU
		{C74E26FF-42D2-4803-90C6-CC2975543922}.Ad-Hoc|Mixed Platforms.Build.0 = Debug|Any CPU
		{C74E26FF-42D2-4803-90C6-CC2975543922}.AppStore|Any CPU.ActiveCfg = Debug|Any CPU
		{C74E26FF-42D2-4803-90C6-CC2975543922}.AppStore|Any CPU.Build.0 = Debug|Any CPU
		{C74E26FF-42D2-4803-90C6-CC2975543922}.AppStore|iPhone.ActiveCfg = Debug|Any CPU
		{C74E26FF-42D2-4803-90C6-CC2975543922}.AppStore|iPhone.Build.0 = Debug|Any CPU
		{C74E26FF-42D2-4803-90C6-CC2975543922}.AppStore|iPhoneSimulator.ActiveCfg = Debug|Any CPU
		{C74E26FF-42D2-4803-90C6-CC2975543922}.AppStore|iPhoneSimulator.Build.0 = Debug|Any CPU
		{C74E26FF-42D2-4803-90C6-CC2975543922}.AppStore|Mixed Platforms.ActiveCfg = Debug|Any CPU
		{C74E26FF-42D2-4803-90C6-CC2975543922}.AppStore|Mixed Platforms.Build.0 = Debug|Any CPU
		{C74E26FF-42D2-4803-90C6-CC2975543922}.Debug|Any CPU.ActiveCfg = Debug|Any CPU
		{C74E26FF-42D2-4803-90C6-CC2975543922}.Debug|Any CPU.Build.0 = Debug|Any CPU
		{C74E26FF-42D2-4803-90C6-CC2975543922}.Debug|iPhone.ActiveCfg = Debug|Any CPU
		{C74E26FF-42D2-4803-90C6-CC2975543922}.Debug|iPhone.Build.0 = Debug|Any CPU
		{C74E26FF-42D2-4803-90C6-CC2975543922}.Debug|iPhoneSimulator.ActiveCfg = Debug|Any CPU
		{C74E26FF-42D2-4803-90C6-CC2975543922}.Debug|iPhoneSimulator.Build.0 = Debug|Any CPU
		{C74E26FF-42D2-4803-90C6-CC2975543922}.Debug|Mixed Platforms.ActiveCfg = Debug|Any CPU
		{C74E26FF-42D2-4803-90C6-CC2975543922}.Debug|Mixed Platforms.Build.0 = Debug|Any CPU
		{C74E26FF-42D2-4803-90C6-CC2975543922}.Release|Any CPU.ActiveCfg = Release|Any CPU
		{C74E26FF-42D2-4803-90C6-CC2975543922}.Release|Any CPU.Build.0 = Release|Any CPU
		{C74E26FF-42D2-4803-90C6-CC2975543922}.Release|iPhone.ActiveCfg = Release|Any CPU
		{C74E26FF-42D2-4803-90C6-CC2975543922}.Release|iPhone.Build.0 = Release|Any CPU
		{C74E26FF-42D2-4803-90C6-CC2975543922}.Release|iPhoneSimulator.ActiveCfg = Release|Any CPU
		{C74E26FF-42D2-4803-90C6-CC2975543922}.Release|iPhoneSimulator.Build.0 = Release|Any CPU
		{C74E26FF-42D2-4803-90C6-CC2975543922}.Release|Mixed Platforms.ActiveCfg = Release|Any CPU
		{C74E26FF-42D2-4803-90C6-CC2975543922}.Release|Mixed Platforms.Build.0 = Release|Any CPU
		{EAAE6221-09F4-4DC0-99DA-3D2DBA1A9129}.Ad-Hoc|Any CPU.ActiveCfg = Debug|Any CPU
		{EAAE6221-09F4-4DC0-99DA-3D2DBA1A9129}.Ad-Hoc|Any CPU.Build.0 = Debug|Any CPU
		{EAAE6221-09F4-4DC0-99DA-3D2DBA1A9129}.Ad-Hoc|iPhone.ActiveCfg = Debug|Any CPU
		{EAAE6221-09F4-4DC0-99DA-3D2DBA1A9129}.Ad-Hoc|iPhone.Build.0 = Debug|Any CPU
		{EAAE6221-09F4-4DC0-99DA-3D2DBA1A9129}.Ad-Hoc|iPhoneSimulator.ActiveCfg = Debug|Any CPU
		{EAAE6221-09F4-4DC0-99DA-3D2DBA1A9129}.Ad-Hoc|iPhoneSimulator.Build.0 = Debug|Any CPU
		{EAAE6221-09F4-4DC0-99DA-3D2DBA1A9129}.Ad-Hoc|Mixed Platforms.ActiveCfg = Debug|Any CPU
		{EAAE6221-09F4-4DC0-99DA-3D2DBA1A9129}.Ad-Hoc|Mixed Platforms.Build.0 = Debug|Any CPU
		{EAAE6221-09F4-4DC0-99DA-3D2DBA1A9129}.AppStore|Any CPU.ActiveCfg = Debug|Any CPU
		{EAAE6221-09F4-4DC0-99DA-3D2DBA1A9129}.AppStore|Any CPU.Build.0 = Debug|Any CPU
		{EAAE6221-09F4-4DC0-99DA-3D2DBA1A9129}.AppStore|iPhone.ActiveCfg = Debug|Any CPU
		{EAAE6221-09F4-4DC0-99DA-3D2DBA1A9129}.AppStore|iPhone.Build.0 = Debug|Any CPU
		{EAAE6221-09F4-4DC0-99DA-3D2DBA1A9129}.AppStore|iPhoneSimulator.ActiveCfg = Debug|Any CPU
		{EAAE6221-09F4-4DC0-99DA-3D2DBA1A9129}.AppStore|iPhoneSimulator.Build.0 = Debug|Any CPU
		{EAAE6221-09F4-4DC0-99DA-3D2DBA1A9129}.AppStore|Mixed Platforms.ActiveCfg = Debug|Any CPU
		{EAAE6221-09F4-4DC0-99DA-3D2DBA1A9129}.AppStore|Mixed Platforms.Build.0 = Debug|Any CPU
		{EAAE6221-09F4-4DC0-99DA-3D2DBA1A9129}.Debug|Any CPU.ActiveCfg = Debug|Any CPU
		{EAAE6221-09F4-4DC0-99DA-3D2DBA1A9129}.Debug|Any CPU.Build.0 = Debug|Any CPU
		{EAAE6221-09F4-4DC0-99DA-3D2DBA1A9129}.Debug|iPhone.ActiveCfg = Debug|Any CPU
		{EAAE6221-09F4-4DC0-99DA-3D2DBA1A9129}.Debug|iPhone.Build.0 = Debug|Any CPU
		{EAAE6221-09F4-4DC0-99DA-3D2DBA1A9129}.Debug|iPhoneSimulator.ActiveCfg = Debug|Any CPU
		{EAAE6221-09F4-4DC0-99DA-3D2DBA1A9129}.Debug|iPhoneSimulator.Build.0 = Debug|Any CPU
		{EAAE6221-09F4-4DC0-99DA-3D2DBA1A9129}.Debug|Mixed Platforms.ActiveCfg = Debug|Any CPU
		{EAAE6221-09F4-4DC0-99DA-3D2DBA1A9129}.Debug|Mixed Platforms.Build.0 = Debug|Any CPU
		{EAAE6221-09F4-4DC0-99DA-3D2DBA1A9129}.Release|Any CPU.ActiveCfg = Release|Any CPU
		{EAAE6221-09F4-4DC0-99DA-3D2DBA1A9129}.Release|Any CPU.Build.0 = Release|Any CPU
		{EAAE6221-09F4-4DC0-99DA-3D2DBA1A9129}.Release|iPhone.ActiveCfg = Release|Any CPU
		{EAAE6221-09F4-4DC0-99DA-3D2DBA1A9129}.Release|iPhone.Build.0 = Release|Any CPU
		{EAAE6221-09F4-4DC0-99DA-3D2DBA1A9129}.Release|iPhoneSimulator.ActiveCfg = Release|Any CPU
		{EAAE6221-09F4-4DC0-99DA-3D2DBA1A9129}.Release|iPhoneSimulator.Build.0 = Release|Any CPU
		{EAAE6221-09F4-4DC0-99DA-3D2DBA1A9129}.Release|Mixed Platforms.ActiveCfg = Release|Any CPU
		{EAAE6221-09F4-4DC0-99DA-3D2DBA1A9129}.Release|Mixed Platforms.Build.0 = Release|Any CPU
	EndGlobalSection
	GlobalSection(MonoDevelopProperties) = preSolution
		StartupItem = ChART.Android\ChART.Android.csproj
	EndGlobalSection
	GlobalSection(SolutionProperties) = preSolution
		HideSolutionNode = FALSE
	EndGlobalSection
EndGlobal
